
Microsoft Visual Studio Solution File, Format Version 12.00
# Visual Studio 15
Project("{FAE04EC0-301F-11D3-BF4B-00C04F79EFBC}") = "Mokit", "Mokit\Mokit.csproj", "{55F0066E-44FC-4CD7-854A-6189772B2EE6}"
EndProject
Global
	GlobalSection(SolutionConfigurationPlatforms) = preSolution
		Debug|anycpu = Debug|anycpu
		Release|anycpu = Release|anycpu
	EndGlobalSection
	GlobalSection(ProjectConfigurationPlatforms) = postSolution
		{55F0066E-44FC-4CD7-854A-6189772B2EE6}.Debug|anycpu.ActiveCfg = Debug|anycpu
		{55F0066E-44FC-4CD7-854A-6189772B2EE6}.Debug|anycpu.Build.0 = Debug|anycpu
		{55F0066E-44FC-4CD7-854A-6189772B2EE6}.Release|anycpu.ActiveCfg = Release|anycpu
		{55F0066E-44FC-4CD7-854A-6189772B2EE6}.Release|anycpu.Build.0 = Release|anycpu
	EndGlobalSection
EndGlobal
